
Microsoft Visual Studio Solution File, Format Version 12.00
# Visual Studio Version 17
VisualStudioVersion = 17.5.33516.290
MinimumVisualStudioVersion = 10.0.40219.1
Project("{FAE04EC0-301F-11D3-BF4B-00C04F79EFBC}") = "WebJWT", "WebJWT.csproj", "{7F3A1496-93CD-46DB-9121-AA0EE664ED7B}"
EndProject
Global
	GlobalSection(SolutionConfigurationPlatforms) = preSolution
		Debug|Any CPU = Debug|Any CPU
		Release|Any CPU = Release|Any CPU
	EndGlobalSection
	GlobalSection(ProjectConfigurationPlatforms) = postSolution
		{7F3A1496-93CD-46DB-9121-AA0EE664ED7B}.Debug|Any CPU.ActiveCfg = Debug|Any CPU
		{7F3A1496-93CD-46DB-9121-AA0EE664ED7B}.Debug|Any CPU.Build.0 = Debug|Any CPU
		{7F3A1496-93CD-46DB-9121-AA0EE664ED7B}.Release|Any CPU.ActiveCfg = Release|Any CPU
		{7F3A1496-93CD-46DB-9121-AA0EE664ED7B}.Release|Any CPU.Build.0 = Release|Any CPU
	EndGlobalSection
	GlobalSection(SolutionProperties) = preSolution
		HideSolutionNode = FALSE
	EndGlobalSection
	GlobalSection(ExtensibilityGlobals) = postSolution
		SolutionGuid = {36278B49-A039-4D82-995C-C99865CB3187}
	EndGlobalSection
EndGlobal
